# This file is @generated by PDM.
# It is not intended for manual editing.

[metadata]
groups = ["default"]
strategy = ["inherit_metadata"]
lock_version = "4.5.0"
content_hash = "sha256:eebe9e7910525fe7fc9f8510b54d2eb00fc39a35e465d72d2573432ec2960cbb"

[[metadata.targets]]
requires_python = "==3.13.*"

[[package]]
name = "greenlet"
version = "3.3.2"
requires_python = ">=3.10"
summary = "Lightweight in-process concurrent programming"
groups = ["default"]
marker = "platform_machine == \"win32\" or platform_machine == \"WIN32\" or platform_machine == \"AMD64\" or platform_machine == \"amd64\" or platform_machine == \"x86_64\" or platform_machine == \"ppc64le\" or platform_machine == \"aarch64\""
files = [
    {file = "greenlet-3.3.2-cp313-cp313-macosx_11_0_universal2.whl", hash = "sha256:aa6ac98bdfd716a749b84d4034486863fd81c3abde9aa3cf8eff9127981a4ae4"},
    {file = "greenlet-3.3.2-cp313-cp313-manylinux_2_24_aarch64.manylinux_2_28_aarch64.whl", hash = "sha256:ab0c7e7901a00bc0a7284907273dc165b32e0d109a6713babd04471327ff7986"},
    {file = "greenlet-3.3.2-cp313-cp313-manylinux_2_24_ppc64le.manylinux_2_28_ppc64le.whl", hash = "sha256:d248d8c23c67d2291ffd47af766e2a3aa9fa1c6703155c099feb11f526c63a92"},
    {file = "greenlet-3.3.2-cp313-cp313-manylinux_2_24_s390x.manylinux_2_28_s390x.whl", hash = "sha256:ccd21bb86944ca9be6d967cf7691e658e43417782bce90b5d2faeda0ff78a7dd"},
    {file = "greenlet-3.3.2-cp313-cp313-manylinux_2_24_x86_64.manylinux_2_28_x86_64.whl", hash = "sha256:b6997d360a4e6a4e936c0f9625b1c20416b8a0ea18a8e19cabbefc712e7397ab"},
    {file = "greenlet-3.3.2-cp313-cp313-musllinux_1_2_aarch64.whl", hash = "sha256:64970c33a50551c7c50491671265d8954046cb6e8e2999aacdd60e439b70418a"},
    {file = "greenlet-3.3.2-cp313-cp313-musllinux_1_2_x86_64.whl", hash = "sha256:1a9172f5bf6bd88e6ba5a84e0a68afeac9dc7b6b412b245dd64f52d83c81e55b"},
    {file = "greenlet-3.3.2-cp313-cp313-win_amd64.whl", hash = "sha256:a7945dd0eab63ded0a48e4dcade82939783c172290a7903ebde9e184333ca124"},
    {file = "greenlet-3.3.2-cp313-cp313-win_arm64.whl", hash = "sha256:394ead29063ee3515b4e775216cb756b2e3b4a7e55ae8fd884f17fa579e6b327"},
    {file = "greenlet-3.3.2.tar.gz", hash = "sha256:2eaf067fc6d886931c7962e8c6bede15d2f01965560f3359b27c80bde2d151f2"},
]

[[package]]
name = "numpy"
version = "2.4.3"
requires_python = ">=3.11"
summary = "Fundamental package for array computing in Python"
groups = ["default"]
marker = "python_version < \"3.14\""
files = [
    {file = "numpy-2.4.3-cp313-cp313-macosx_10_13_x86_64.whl", hash = "sha256:b346845443716c8e542d54112966383b448f4a3ba5c66409771b8c0889485dd3"},
    {file = "numpy-2.4.3-cp313-cp313-macosx_11_0_arm64.whl", hash = "sha256:2629289168f4897a3c4e23dc98d6f1731f0fc0fe52fb9db19f974041e4cc12b9"},
    {file = "numpy-2.4.3-cp313-cp313-macosx_14_0_arm64.whl", hash = "sha256:bb2e3cf95854233799013779216c57e153c1ee67a0bf92138acca0e429aefaee"},
    {file = "numpy-2.4.3-cp313-cp313-macosx_14_0_x86_64.whl", hash = "sha256:7f3408ff897f8ab07a07fbe2823d7aee6ff644c097cc1f90382511fe982f647f"},
    {file = "numpy-2.4.3-cp313-cp313-manylinux_2_27_aarch64.manylinux_2_28_aarch64.whl", hash = "sha256:decb0eb8a53c3b009b0962378065589685d66b23467ef5dac16cbe818afde27f"},
    {file = "numpy-2.4.3-cp313-cp313-manylinux_2_27_x86_64.manylinux_2_28_x86_64.whl", hash = "sha256:d5f51900414fc9204a0e0da158ba2ac52b75656e7dce7e77fb9f84bfa343b4cc"},
    {file = "numpy-2.4.3-cp313-cp313-musllinux_1_2_aarch64.whl", hash = "sha256:6bd06731541f89cdc01b261ba2c9e037f1543df7472517836b78dfb15bd6e476"},
    {file = "numpy-2.4.3-cp313-cp313-musllinux_1_2_x86_64.whl", hash = "sha256:22654fe6be0e5206f553a9250762c653d3698e46686eee53b399ab90da59bd92"},
    {file = "numpy-2.4.3-cp313-cp313-win32.whl", hash = "sha256:d71e379452a2f670ccb689ec801b1218cd3983e253105d6e83780967e899d687"},
    {file = "numpy-2.4.3-cp313-cp313-win_amd64.whl", hash = "sha256:0a60e17a14d640f49146cb38e3f105f571318db7826d9b6fef7e4dce758faecd"},
    {file = "numpy-2.4.3-cp313-cp313-win_arm64.whl", hash = "sha256:c9619741e9da2059cd9c3f206110b97583c7152c1dc9f8aafd4beb450ac1c89d"},
    {file = "numpy-2.4.3-cp313-cp313t-macosx_11_0_arm64.whl", hash = "sha256:7aa4e54f6469300ebca1d9eb80acd5253cdfa36f2c03d79a35883687da430875"},
    {file = "numpy-2.4.3-cp313-cp313t-macosx_14_0_arm64.whl", hash = "sha256:d1b90d840b25874cf5cd20c219af10bac3667db3876d9a495609273ebe679070"},
    {file = "numpy-2.4.3-cp313-cp313t-macosx_14_0_x86_64.whl", hash = "sha256:a749547700de0a20a6718293396ec237bb38218049cfce788e08fcb716e8cf73"},
    {file = "numpy-2.4.3-cp313-cp313t-manylinux_2_27_aarch64.manylinux_2_28_aarch64.whl", hash = "sha256:94f3c4a151a2e529adf49c1d54f0f57ff8f9b233ee4d44af623a81553ab86368"},
    {file = "numpy-2.4.3-cp313-cp313t-manylinux_2_27_x86_64.manylinux_2_28_x86_64.whl", hash = "sha256:22c31dc07025123aedf7f2db9e91783df13f1776dc52c6b22c620870dc0fab22"},
    {file = "numpy-2.4.3-cp313-cp313t-musllinux_1_2_aarch64.whl", hash = "sha256:148d59127ac95979d6f07e4d460f934ebdd6eed641db9c0db6c73026f2b2101a"},
    {file = "numpy-2.4.3-cp313-cp313t-musllinux_1_2_x86_64.whl", hash = "sha256:a97cbf7e905c435865c2d939af3d93f99d18eaaa3cabe4256f4304fb51604349"},
    {file = "numpy-2.4.3-cp313-cp313t-win32.whl", hash = "sha256:be3b8487d725a77acccc9924f65fd8bce9af7fac8c9820df1049424a2115af6c"},
    {file = "numpy-2.4.3-cp313-cp313t-win_amd64.whl", hash = "sha256:1ec84fd7c8e652b0f4aaaf2e6e9cc8eaa9b1b80a537e06b2e3a2fb176eedcb26"},
    {file = "numpy-2.4.3-cp313-cp313t-win_arm64.whl", hash = "sha256:120df8c0a81ebbf5b9020c91439fccd85f5e018a927a39f624845be194a2be02"},
    {file = "numpy-2.4.3.tar.gz", hash = "sha256:483a201202b73495f00dbc83796c6ae63137a9bdade074f7648b3e32613412dd"},
]

[[package]]
name = "pandas"
version = "3.0.1"
requires_python = ">=3.11"
summary = "Powerful data structures for data analysis, time series, and statistics"
groups = ["default"]
dependencies = [
    "numpy>=1.26.0; python_version < \"3.14\"",
    "numpy>=2.3.3; python_version >= \"3.14\"",
    "python-dateutil>=2.8.2",
    "tzdata; sys_platform == \"emscripten\"",
    "tzdata; sys_platform == \"win32\"",
]
files = [
    {file = "pandas-3.0.1-cp313-cp313-macosx_10_13_x86_64.whl", hash = "sha256:5272627187b5d9c20e55d27caf5f2cd23e286aba25cadf73c8590e432e2b7262"},
    {file = "pandas-3.0.1-cp313-cp313-macosx_11_0_arm64.whl", hash = "sha256:661e0f665932af88c7877f31da0dc743fe9c8f2524bdffe23d24fdcb67ef9d56"},
    {file = "pandas-3.0.1-cp313-cp313-manylinux_2_24_aarch64.manylinux_2_28_aarch64.whl", hash = "sha256:75e6e292ff898679e47a2199172593d9f6107fd2dd3617c22c2946e97d5df46e"},
    {file = "pandas-3.0.1-cp313-cp313-manylinux_2_24_x86_64.manylinux_2_28_x86_64.whl", hash = "sha256:1ff8cf1d2896e34343197685f432450ec99a85ba8d90cce2030c5eee2ef98791"},
    {file = "pandas-3.0.1-cp313-cp313-musllinux_1_2_aarch64.whl", hash = "sha256:eca8b4510f6763f3d37359c2105df03a7a221a508f30e396a51d0713d462e68a"},
    {file = "pandas-3.0.1-cp313-cp313-musllinux_1_2_x86_64.whl", hash = "sha256:06aff2ad6f0b94a17822cf8b83bbb563b090ed82ff4fe7712db2ce57cd50d9b8"},
    {file = "pandas-3.0.1-cp313-cp313-win_amd64.whl", hash = "sha256:9fea306c783e28884c29057a1d9baa11a349bbf99538ec1da44c8476563d1b25"},
    {file = "pandas-3.0.1-cp313-cp313-win_arm64.whl", hash = "sha256:a8d37a43c52917427e897cb2e429f67a449327394396a81034a4449b99afda59"},
    {file = "pandas-3.0.1-cp313-cp313t-macosx_10_13_x86_64.whl", hash = "sha256:d54855f04f8246ed7b6fc96b05d4871591143c46c0b6f4af874764ed0d2d6f06"},
    {file = "pandas-3.0.1-cp313-cp313t-macosx_11_0_arm64.whl", hash = "sha256:4e1b677accee34a09e0dc2ce5624e4a58a1870ffe56fc021e9caf7f23cd7668f"},
    {file = "pandas-3.0.1-cp313-cp313t-manylinux_2_24_aarch64.manylinux_2_28_aarch64.whl", hash = "sha256:a9cabbdcd03f1b6cd254d6dda8ae09b0252524be1592594c00b7895916cb1324"},
    {file = "pandas-3.0.1-cp313-cp313t-manylinux_2_24_x86_64.manylinux_2_28_x86_64.whl", hash = "sha256:5ae2ab1f166668b41e770650101e7090824fd34d17915dd9cd479f5c5e0065e9"},
    {file = "pandas-3.0.1-cp313-cp313t-musllinux_1_2_aarch64.whl", hash = "sha256:6bf0603c2e30e2cafac32807b06435f28741135cb8697eae8b28c7d492fc7d76"},
    {file = "pandas-3.0.1-cp313-cp313t-musllinux_1_2_x86_64.whl", hash = "sha256:6c426422973973cae1f4a23e51d4ae85974f44871b24844e4f7de752dd877098"},
    {file = "pandas-3.0.1-cp313-cp313t-win_amd64.whl", hash = "sha256:b03f91ae8c10a85c1613102c7bef5229b5379f343030a3ccefeca8a33414cf35"},
    {file = "pandas-3.0.1.tar.gz", hash = "sha256:4186a699674af418f655dbd420ed87f50d56b4cd6603784279d9eef6627823c8"},
]

[[package]]
name = "pymssql"
version = "2.3.13"
requires_python = ">=3.9"
summary = "DB-API interface to Microsoft SQL Server for Python. (new Cython-based version)"
groups = ["default"]
files = [
    {file = "pymssql-2.3.13-cp313-cp313-macosx_14_0_arm64.whl", hash = "sha256:30918bb044242865c01838909777ef5e0f1b9ecd7f5882346aefa57f4414b29c"},
    {file = "pymssql-2.3.13-cp313-cp313-macosx_15_0_x86_64.whl", hash = "sha256:1c6d0b2d7961f159a07e4f0d8cc81f70ceab83f5e7fd1e832a2d069e1d67ee4e"},
    {file = "pymssql-2.3.13-cp313-cp313-manylinux_2_27_aarch64.manylinux_2_28_aarch64.whl", hash = "sha256:16c5957a3c9e51a03276bfd76a22431e2bc4c565e2e95f2cbb3559312edda230"},
    {file = "pymssql-2.3.13-cp313-cp313-manylinux_2_27_x86_64.manylinux_2_28_x86_64.whl", hash = "sha256:0fddd24efe9d18bbf174fab7c6745b0927773718387f5517cf8082241f721a68"},
    {file = "pymssql-2.3.13-cp313-cp313-musllinux_1_2_aarch64.whl", hash = "sha256:123c55ee41bc7a82c76db12e2eb189b50d0d7a11222b4f8789206d1cda3b33b9"},
    {file = "pymssql-2.3.13-cp313-cp313-musllinux_1_2_x86_64.whl", hash = "sha256:e053b443e842f9e1698fcb2b23a4bff1ff3d410894d880064e754ad823d541e5"},
    {file = "pymssql-2.3.13-cp313-cp313-win_amd64.whl", hash = "sha256:5c045c0f1977a679cc30d5acd9da3f8aeb2dc6e744895b26444b4a2f20dad9a0"},
    {file = "pymssql-2.3.13.tar.gz", hash = "sha256:2137e904b1a65546be4ccb96730a391fcd5a85aab8a0632721feb5d7e39cfbce"},
]

[[package]]
name = "pyodbc"
version = "5.3.0"
requires_python = ">=3.9"
summary = "DB API module for ODBC"
groups = ["default"]
files = [
    {file = "pyodbc-5.3.0-cp313-cp313-macosx_10_13_x86_64.whl", hash = "sha256:7e9ab0b91de28a5ab838ac4db0253d7cc8ce2452efe4ad92ee6a57b922bf0c24"},
    {file = "pyodbc-5.3.0-cp313-cp313-macosx_11_0_arm64.whl", hash = "sha256:6132554ffbd7910524d643f13ce17f4a72f3a6824b0adef4e9a7f66efac96350"},
    {file = "pyodbc-5.3.0-cp313-cp313-manylinux2014_aarch64.manylinux_2_17_aarch64.manylinux_2_28_aarch64.whl", hash = "sha256:1629af4706e9228d79dabb4863c11cceb22a6dab90700db0ef449074f0150c0d"},
    {file = "pyodbc-5.3.0-cp313-cp313-manylinux2014_x86_64.manylinux_2_17_x86_64.manylinux_2_28_x86_64.whl", hash = "sha256:5ceaed87ba2ea848c11223f66f629ef121f6ebe621f605cde9cfdee4fd9f4b68"},
    {file = "pyodbc-5.3.0-cp313-cp313-musllinux_1_2_aarch64.whl", hash = "sha256:3cc472c8ae2feea5b4512e23b56e2b093d64f7cbc4b970af51da488429ff7818"},
    {file = "pyodbc-5.3.0-cp313-cp313-musllinux_1_2_x86_64.whl", hash = "sha256:c79df54bbc25bce9f2d87094e7b39089c28428df5443d1902b0cc5f43fd2da6f"},
    {file = "pyodbc-5.3.0-cp313-cp313-win32.whl", hash = "sha256:c2eb0b08e24fe5c40c7ebe9240c5d3bd2f18cd5617229acee4b0a0484dc226f2"},
    {file = "pyodbc-5.3.0-cp313-cp313-win_amd64.whl", hash = "sha256:01166162149adf2b8a6dc21a212718f205cabbbdff4047dc0c415af3fd85867e"},
    {file = "pyodbc-5.3.0-cp313-cp313-win_arm64.whl", hash = "sha256:363311bd40320b4a61454bebf7c38b243cd67c762ed0f8a5219de3ec90c96353"},
    {file = "pyodbc-5.3.0.tar.gz", hash = "sha256:2fe0e063d8fb66efd0ac6dc39236c4de1a45f17c33eaded0d553d21c199f4d05"},
]

[[package]]
name = "python-dateutil"
version = "2.9.0.post0"
requires_python = "!=3.0.*,!=3.1.*,!=3.2.*,>=2.7"
summary = "Extensions to the standard Python datetime module"
groups = ["default"]
dependencies = [
    "six>=1.5",
]
files = [
    {file = "python-dateutil-2.9.0.post0.tar.gz", hash = "sha256:37dd54208da7e1cd875388217d5e00ebd4179249f90fb72437e91a35459a0ad3"},
    {file = "python_dateutil-2.9.0.post0-py2.py3-none-any.whl", hash = "sha256:a8b2bc7bffae282281c8140a97d3aa9c14da0b136dfe83f850eea9a5f7470427"},
]

[[package]]
name = "six"
version = "1.17.0"
requires_python = "!=3.0.*,!=3.1.*,!=3.2.*,>=2.7"
summary = "Python 2 and 3 compatibility utilities"
groups = ["default"]
files = [
    {file = "six-1.17.0-py2.py3-none-any.whl", hash = "sha256:4721f391ed90541fddacab5acf947aa0d3dc7d27b2e1e8eda2be8970586c3274"},
    {file = "six-1.17.0.tar.gz", hash = "sha256:ff70335d468e7eb6ec65b95b99d3a2836546063f63acc5171de367e834932a81"},
]

[[package]]
name = "sqlalchemy"
version = "2.0.48"
requires_python = ">=3.7"
summary = "Database Abstraction Library"
groups = ["default"]
dependencies = [
    "greenlet>=1; platform_machine == \"win32\" or platform_machine == \"WIN32\" or platform_machine == \"AMD64\" or platform_machine == \"amd64\" or platform_machine == \"x86_64\" or platform_machine == \"ppc64le\" or platform_machine == \"aarch64\"",
    "importlib-metadata; python_version < \"3.8\"",
    "typing-extensions>=4.6.0",
]
files = [
    {file = "sqlalchemy-2.0.48-cp313-cp313-macosx_11_0_arm64.whl", hash = "sha256:e3070c03701037aa418b55d36532ecb8f8446ed0135acb71c678dbdf12f5b6e4"},
    {file = "sqlalchemy-2.0.48-cp313-cp313-manylinux2014_aarch64.manylinux_2_17_aarch64.manylinux_2_28_aarch64.whl", hash = "sha256:2645b7d8a738763b664a12a1542c89c940daa55196e8d73e55b169cc5c99f65f"},
    {file = "sqlalchemy-2.0.48-cp313-cp313-manylinux2014_x86_64.manylinux_2_17_x86_64.manylinux_2_28_x86_64.whl", hash = "sha256:b19151e76620a412c2ac1c6f977ab1b9fa7ad43140178345136456d5265b32ed"},
    {file = "sqlalchemy-2.0.48-cp313-cp313-musllinux_1_2_aarch64.whl", hash = "sha256:5b193a7e29fd9fa56e502920dca47dffe60f97c863494946bd698c6058a55658"},
    {file = "sqlalchemy-2.0.48-cp313-cp313-musllinux_1_2_x86_64.whl", hash = "sha256:36ac4ddc3d33e852da9cb00ffb08cea62ca05c39711dc67062ca2bb1fae35fd8"},
    {file = "sqlalchemy-2.0.48-cp313-cp313-win32.whl", hash = "sha256:389b984139278f97757ea9b08993e7b9d1142912e046ab7d82b3fbaeb0209131"},
    {file = "sqlalchemy-2.0.48-cp313-cp313-win_amd64.whl", hash = "sha256:d612c976cbc2d17edfcc4c006874b764e85e990c29ce9bd411f926bbfb02b9a2"},
    {file = "sqlalchemy-2.0.48-cp313-cp313t-manylinux2014_aarch64.manylinux_2_17_aarch64.manylinux_2_28_aarch64.whl", hash = "sha256:69f5bc24904d3bc3640961cddd2523e361257ef68585d6e364166dfbe8c78fae"},
    {file = "sqlalchemy-2.0.48-cp313-cp313t-manylinux2014_x86_64.manylinux_2_17_x86_64.manylinux_2_28_x86_64.whl", hash = "sha256:fd08b90d211c086181caed76931ecfa2bdfc83eea3cfccdb0f82abc6c4b876cb"},
    {file = "sqlalchemy-2.0.48-cp313-cp313t-musllinux_1_2_aarch64.whl", hash = "sha256:1ccd42229aaac2df431562117ac7e667d702e8e44afdb6cf0e50fa3f18160f0b"},
    {file = "sqlalchemy-2.0.48-cp313-cp313t-musllinux_1_2_x86_64.whl", hash = "sha256:f0dcbc588cd5b725162c076eb9119342f6579c7f7f55057bb7e3c6ff27e13121"},
    {file = "sqlalchemy-2.0.48-cp313-cp313t-win32.whl", hash = "sha256:9764014ef5e58aab76220c5664abb5d47d5bc858d9debf821e55cfdd0f128485"},
    {file = "sqlalchemy-2.0.48-cp313-cp313t-win_amd64.whl", hash = "sha256:e2f35b4cccd9ed286ad62e0a3c3ac21e06c02abc60e20aa51a3e305a30f5fa79"},
    {file = "sqlalchemy-2.0.48-py3-none-any.whl", hash = "sha256:a66fe406437dd65cacd96a72689a3aaaecaebbcd62d81c5ac1c0fdbeac835096"},
    {file = "sqlalchemy-2.0.48.tar.gz", hash = "sha256:5ca74f37f3369b45e1f6b7b06afb182af1fd5dde009e4ffd831830d98cbe5fe7"},
]

[[package]]
name = "typing-extensions"
version = "4.15.0"
requires_python = ">=3.9"
summary = "Backported and Experimental Type Hints for Python 3.9+"
groups = ["default"]
files = [
    {file = "typing_extensions-4.15.0-py3-none-any.whl", hash = "sha256:f0fa19c6845758ab08074a0cfa8b7aecb71c999ca73d62883bc25cc018c4e548"},
    {file = "typing_extensions-4.15.0.tar.gz", hash = "sha256:0cea48d173cc12fa28ecabc3b837ea3cf6f38c6d1136f85cbaaf598984861466"},
]

[[package]]
name = "tzdata"
version = "2025.3"
requires_python = ">=2"
summary = "Provider of IANA time zone data"
groups = ["default"]
marker = "sys_platform == \"emscripten\" or sys_platform == \"win32\""
files = [
    {file = "tzdata-2025.3-py2.py3-none-any.whl", hash = "sha256:06a47e5700f3081aab02b2e513160914ff0694bce9947d6b76ebd6bf57cfc5d1"},
    {file = "tzdata-2025.3.tar.gz", hash = "sha256:de39c2ca5dc7b0344f2eba86f49d614019d29f060fc4ebc8a417896a620b56a7"},
]
